
Microsoft Visual Studio Solution File, Format Version 12.00
# Visual Studio Version 17
VisualStudioVersion = 17.11.35327.3
MinimumVisualStudioVersion = 10.0.40219.1
Project("{FAE04EC0-301F-11D3-BF4B-00C04F79EFBC}") = "MVCDbInitializerSample2025", "MVCDbInitializerSample2025\MVCDbInitializerSample2025.csproj", "{2E364607-1F9F-475F-BD47-E6CF0BF153F7}"
EndProject
Project("{FAE04EC0-301F-11D3-BF4B-00C04F79EFBC}") = "DataLayer", "DataLayer\DataLayer.csproj", "{E7ECE195-3349-457D-AA89-C16271530793}"
EndProject
Global
	GlobalSection(SolutionConfigurationPlatforms) = preSolution
		Debug|Any CPU = Debug|Any CPU
		Release|Any CPU = Release|Any CPU
	EndGlobalSection
	GlobalSection(ProjectConfigurationPlatforms) = postSolution
		{2E364607-1F9F-475F-BD47-E6CF0BF153F7}.Debug|Any CPU.ActiveCfg = Debug|Any CPU
		{2E364607-1F9F-475F-BD47-E6CF0BF153F7}.Debug|Any CPU.Build.0 = Debug|Any CPU
		{2E364607-1F9F-475F-BD47-E6CF0BF153F7}.Release|Any CPU.ActiveCfg = Release|Any CPU
		{2E364607-1F9F-475F-BD47-E6CF0BF153F7}.Release|Any CPU.Build.0 = Release|Any CPU
		{E7ECE195-3349-457D-AA89-C16271530793}.Debug|Any CPU.ActiveCfg = Debug|Any CPU
		{E7ECE195-3349-457D-AA89-C16271530793}.Debug|Any CPU.Build.0 = Debug|Any CPU
		{E7ECE195-3349-457D-AA89-C16271530793}.Release|Any CPU.ActiveCfg = Release|Any CPU
		{E7ECE195-3349-457D-AA89-C16271530793}.Release|Any CPU.Build.0 = Release|Any CPU
	EndGlobalSection
	GlobalSection(SolutionProperties) = preSolution
		HideSolutionNode = FALSE
	EndGlobalSection
	GlobalSection(ExtensibilityGlobals) = postSolution
		SolutionGuid = {021EE8F6-F799-4384-AA0D-4DCFD6B079E9}
	EndGlobalSection
EndGlobal
